
Microsoft Visual Studio Solution File, Format Version 12.00
# Visual Studio 2012
Project("{888888A0-9F3D-457C-B088-3A5042F75D52}") = "HL7 Code", "HL7 Code\HL7 Code.pyproj", "{F6D02642-722E-4780-B2DD-4CEADCCEB071}"
EndProject
Global
	GlobalSection(TeamFoundationVersionControl) = preSolution
		SccNumberOfProjects = 2
		SccEnterpriseProvider = {4CA58AB2-18FA-4F8D-95D4-32DDF27D184C}
		SccTeamFoundationServer = https://dgerson.visualstudio.com/defaultcollection
		SccLocalPath0 = .
		SccProjectUniqueName1 = HL7\u0020Code\\HL7\u0020Code.pyproj
		SccProjectName1 = HL7\u0020Code
		SccLocalPath1 = HL7\u0020Code
	EndGlobalSection
	GlobalSection(SolutionConfigurationPlatforms) = preSolution
		Debug|Any CPU = Debug|Any CPU
		Release|Any CPU = Release|Any CPU
	EndGlobalSection
	GlobalSection(ProjectConfigurationPlatforms) = postSolution
		{F6D02642-722E-4780-B2DD-4CEADCCEB071}.Debug|Any CPU.ActiveCfg = Debug|Any CPU
		{F6D02642-722E-4780-B2DD-4CEADCCEB071}.Debug|Any CPU.Build.0 = Debug|Any CPU
		{F6D02642-722E-4780-B2DD-4CEADCCEB071}.Release|Any CPU.ActiveCfg = Release|Any CPU
		{F6D02642-722E-4780-B2DD-4CEADCCEB071}.Release|Any CPU.Build.0 = Release|Any CPU
	EndGlobalSection
	GlobalSection(SolutionProperties) = preSolution
		HideSolutionNode = FALSE
	EndGlobalSection
EndGlobal
